// !$*UTF8*$!
{
	archiveVersion = 1;
	classes = {
	};
	objectVersion = 50;
	objects = {

/* Begin PBXBuildFile section */
		10D02940209849A100565950 /* AppDelegate.swift in Sources */ = {isa = PBXBuildFile; fileRef = 10D0293F209849A100565950 /* AppDelegate.swift */; };
		10D02945209849A100565950 /* Main.storyboard in Resources */ = {isa = PBXBuildFile; fileRef = 10D02943209849A100565950 /* Main.storyboard */; };
		10D02947209849A200565950 /* Assets.xcassets in Resources */ = {isa = PBXBuildFile; fileRef = 10D02946209849A200565950 /* Assets.xcassets */; };
		10D0294A209849A200565950 /* LaunchScreen.storyboard in Resources */ = {isa = PBXBuildFile; fileRef = 10D02948209849A200565950 /* LaunchScreen.storyboard */; };
		10D0295220984A6300565950 /* GoogleService-Info.plist in Resources */ = {isa = PBXBuildFile; fileRef = 10D0295120984A6300565950 /* GoogleService-Info.plist */; };
		10D0295C20985ACE00565950 /* SignInViewController.swift in Sources */ = {isa = PBXBuildFile; fileRef = 10D0295B20985ACE00565950 /* SignInViewController.swift */; };
		10D0295E20985B0500565950 /* SignUpViewController.swift in Sources */ = {isa = PBXBuildFile; fileRef = 10D0295D20985B0500565950 /* SignUpViewController.swift */; };
		10D0296020988A1700565950 /* HomeViewController.swift in Sources */ = {isa = PBXBuildFile; fileRef = 10D0295F20988A1700565950 /* HomeViewController.swift */; };
		10D0296220988A2700565950 /* ChatViewController.swift in Sources */ = {isa = PBXBuildFile; fileRef = 10D0296120988A2700565950 /* ChatViewController.swift */; };
		10D0296420988CE800565950 /* Extensions.swift in Sources */ = {isa = PBXBuildFile; fileRef = 10D0296320988CE800565950 /* Extensions.swift */; };
		470C17EEE991F7231D856984 /* Pods_WoodyWoo.framework in Frameworks */ = {isa = PBXBuildFile; fileRef = 147F844D0CD2F66A0C2D4146 /* Pods_WoodyWoo.framework */; };
/* End PBXBuildFile section */

/* Begin PBXFileReference section */
		10D0293C209849A100565950 /* WoodyWoo.app */ = {isa = PBXFileReference; explicitFileType = wrapper.application; includeInIndex = 0; path = WoodyWoo.app; sourceTree = BUILT_PRODUCTS_DIR; };
		10D0293F209849A100565950 /* AppDelegate.swift */ = {isa = PBXFileReference; lastKnownFileType = sourcecode.swift; path = AppDelegate.swift; sourceTree = "<group>"; };
		10D02944209849A100565950 /* Base */ = {isa = PBXFileReference; lastKnownFileType = file.storyboard; name = Base; path = Base.lproj/Main.storyboard; sourceTree = "<group>"; };
		10D02946209849A200565950 /* Assets.xcassets */ = {isa = PBXFileReference; lastKnownFileType = folder.assetcatalog; path = Assets.xcassets; sourceTree = "<group>"; };
		10D02949209849A200565950 /* Base */ = {isa = PBXFileReference; lastKnownFileType = file.storyboard; name = Base; path = Base.lproj/LaunchScreen.storyboard; sourceTree = "<group>"; };
		10D0294B209849A200565950 /* Info.plist */ = {isa = PBXFileReference; lastKnownFileType = text.plist.xml; path = Info.plist; sourceTree = "<group>"; };
		10D0295120984A6300565950 /* GoogleService-Info.plist */ = {isa = PBXFileReference; fileEncoding = 4; lastKnownFileType = text.plist.xml; path = "GoogleService-Info.plist"; sourceTree = "<group>"; };
		10D0295B20985ACE00565950 /* SignInViewController.swift */ = {isa = PBXFileReference; lastKnownFileType = sourcecode.swift; path = SignInViewController.swift; sourceTree = "<group>"; };
		10D0295D20985B0500565950 /* SignUpViewController.swift */ = {isa = PBXFileReference; lastKnownFileType = sourcecode.swift; path = SignUpViewController.swift; sourceTree = "<group>"; };
		10D0295F20988A1700565950 /* HomeViewController.swift */ = {isa = PBXFileReference; lastKnownFileType = sourcecode.swift; path = HomeViewController.swift; sourceTree = "<group>"; };
		10D0296120988A2700565950 /* ChatViewController.swift */ = {isa = PBXFileReference; lastKnownFileType = sourcecode.swift; path = ChatViewController.swift; sourceTree = "<group>"; };
		10D0296320988CE800565950 /* Extensions.swift */ = {isa = PBXFileReference; lastKnownFileType = sourcecode.swift; path = Extensions.swift; sourceTree = "<group>"; };
		147F844D0CD2F66A0C2D4146 /* Pods_WoodyWoo.framework */ = {isa = PBXFileReference; explicitFileType = wrapper.framework; includeInIndex = 0; path = Pods_WoodyWoo.framework; sourceTree = BUILT_PRODUCTS_DIR; };
		170A87D69CE25510AD791FA6 /* Pods-WoodyWoo.debug.xcconfig */ = {isa = PBXFileReference; includeInIndex = 1; lastKnownFileType = text.xcconfig; name = "Pods-WoodyWoo.debug.xcconfig"; path = "Pods/Target Support Files/Pods-WoodyWoo/Pods-WoodyWoo.debug.xcconfig"; sourceTree = "<group>"; };
		9A13908CC7F14BD0220791FB /* Pods-WoodyWoo.release.xcconfig */ = {isa = PBXFileReference; includeInIndex = 1; lastKnownFileType = text.xcconfig; name = "Pods-WoodyWoo.release.xcconfig"; path = "Pods/Target Support Files/Pods-WoodyWoo/Pods-WoodyWoo.release.xcconfig"; sourceTree = "<group>"; };
/* End PBXFileReference section */

/* Begin PBXFrameworksBuildPhase section */
		10D02939209849A100565950 /* Frameworks */ = {
			isa = PBXFrameworksBuildPhase;
			buildActionMask = 2147483647;
			files = (
				470C17EEE991F7231D856984 /* Pods_WoodyWoo.framework in Frameworks */,
			);
			runOnlyForDeploymentPostprocessing = 0;
		};
/* End PBXFrameworksBuildPhase section */

/* Begin PBXGroup section */
		10D02933209849A100565950 = {
			isa = PBXGroup;
			children = (
				10D0293E209849A100565950 /* WoodyWoo */,
				10D0293D209849A100565950 /* Products */,
				C56A0F4E39F99AC469397B62 /* Pods */,
				E8F89476067367272C4911F0 /* Frameworks */,
			);
			sourceTree = "<group>";
		};
		10D0293D209849A100565950 /* Products */ = {
			isa = PBXGroup;
			children = (
				10D0293C209849A100565950 /* WoodyWoo.app */,
			);
			name = Products;
			sourceTree = "<group>";
		};
		10D0293E209849A100565950 /* WoodyWoo */ = {
			isa = PBXGroup;
			children = (
				10D0296320988CE800565950 /* Extensions.swift */,
				10D0293F209849A100565950 /* AppDelegate.swift */,
				10D0295B20985ACE00565950 /* SignInViewController.swift */,
				10D0295D20985B0500565950 /* SignUpViewController.swift */,
				10D0295F20988A1700565950 /* HomeViewController.swift */,
				10D0296120988A2700565950 /* ChatViewController.swift */,
				10D02943209849A100565950 /* Main.storyboard */,
				10D02948209849A200565950 /* LaunchScreen.storyboard */,
				10D0294B209849A200565950 /* Info.plist */,
				10D0295120984A6300565950 /* GoogleService-Info.plist */,
				10D02946209849A200565950 /* Assets.xcassets */,
			);
			path = WoodyWoo;
			sourceTree = "<group>";
		};
		C56A0F4E39F99AC469397B62 /* Pods */ = {
			isa = PBXGroup;
			children = (
				170A87D69CE25510AD791FA6 /* Pods-WoodyWoo.debug.xcconfig */,
				9A13908CC7F14BD0220791FB /* Pods-WoodyWoo.release.xcconfig */,
			);
			name = Pods;
			sourceTree = "<group>";
		};
		E8F89476067367272C4911F0 /* Frameworks */ = {
			isa = PBXGroup;
			children = (
				147F844D0CD2F66A0C2D4146 /* Pods_WoodyWoo.framework */,
			);
			name = Frameworks;
			sourceTree = "<group>";
		};
/* End PBXGroup section */

/* Begin PBXNativeTarget section */
		10D0293B209849A100565950 /* WoodyWoo */ = {
			isa = PBXNativeTarget;
			buildConfigurationList = 10D0294E209849A200565950 /* Build configuration list for PBXNativeTarget "WoodyWoo" */;
			buildPhases = (
				47C396D383856D7E54306842 /* [CP] Check Pods Manifest.lock */,
				10D02938209849A100565950 /* Sources */,
				10D02939209849A100565950 /* Frameworks */,
				10D0293A209849A100565950 /* Resources */,
				4DED65653D8BA7D2F9A3AD06 /* [CP] Embed Pods Frameworks */,
				F99717AEDE7E77361B5C2A51 /* [CP] Copy Pods Resources */,
			);
			buildRules = (
			);
			dependencies = (
			);
			name = WoodyWoo;
			productName = WoodyWoo;
			productReference = 10D0293C209849A100565950 /* WoodyWoo.app */;
			productType = "com.apple.product-type.application";
		};
/* End PBXNativeTarget section */

/* Begin PBXProject section */
		10D02934209849A100565950 /* Project object */ = {
			isa = PBXProject;
			attributes = {
				LastSwiftUpdateCheck = 0930;
				LastUpgradeCheck = 0930;
				ORGANIZATIONNAME = "T-sterone";
				TargetAttributes = {
					10D0293B209849A100565950 = {
						CreatedOnToolsVersion = 9.3;
					};
				};
			};
			buildConfigurationList = 10D02937209849A100565950 /* Build configuration list for PBXProject "WoodyWoo" */;
			compatibilityVersion = "Xcode 9.3";
			developmentRegion = en;
			hasScannedForEncodings = 0;
			knownRegions = (
				en,
				Base,
			);
			mainGroup = 10D02933209849A100565950;
			productRefGroup = 10D0293D209849A100565950 /* Products */;
			projectDirPath = "";
			projectRoot = "";
			targets = (
				10D0293B209849A100565950 /* WoodyWoo */,
			);
		};
/* End PBXProject section */

/* Begin PBXResourcesBuildPhase section */
		10D0293A209849A100565950 /* Resources */ = {
			isa = PBXResourcesBuildPhase;
			buildActionMask = 2147483647;
			files = (
				10D0294A209849A200565950 /* LaunchScreen.storyboard in Resources */,
				10D0295220984A6300565950 /* GoogleService-Info.plist in Resources */,
				10D02947209849A200565950 /* Assets.xcassets in Resources */,
				10D02945209849A100565950 /* Main.storyboard in Resources */,
			);
			runOnlyForDeploymentPostprocessing = 0;
		};
/* End PBXResourcesBuildPhase section */

/* Begin PBXShellScriptBuildPhase section */
		47C396D383856D7E54306842 /* [CP] Check Pods Manifest.lock */ = {
			isa = PBXShellScriptBuildPhase;
			buildActionMask = 2147483647;
			files = (
			);
			inputPaths = (
				"${PODS_PODFILE_DIR_PATH}/Podfile.lock",
				"${PODS_ROOT}/Manifest.lock",
			);
			name = "[CP] Check Pods Manifest.lock";
			outputPaths = (
				"$(DERIVED_FILE_DIR)/Pods-WoodyWoo-checkManifestLockResult.txt",
			);
			runOnlyForDeploymentPostprocessing = 0;
			shellPath = /bin/sh;
			shellScript = "diff \"${PODS_PODFILE_DIR_PATH}/Podfile.lock\" \"${PODS_ROOT}/Manifest.lock\" > /dev/null\nif [ $? != 0 ] ; then\n    # print error to STDERR\n    echo \"error: The sandbox is not in sync with the Podfile.lock. Run 'pod install' or update your CocoaPods installation.\" >&2\n    exit 1\nfi\n# This output is used by Xcode 'outputs' to avoid re-running this script phase.\necho \"SUCCESS\" > \"${SCRIPT_OUTPUT_FILE_0}\"\n";
			showEnvVarsInLog = 0;
		};
		4DED65653D8BA7D2F9A3AD06 /* [CP] Embed Pods Frameworks */ = {
			isa = PBXShellScriptBuildPhase;
			buildActionMask = 2147483647;
			files = (
			);
			inputPaths = (
				"${SRCROOT}/Pods/Target Support Files/Pods-WoodyWoo/Pods-WoodyWoo-frameworks.sh",
				"${BUILT_PRODUCTS_DIR}/GTMSessionFetcher/GTMSessionFetcher.framework",
				"${BUILT_PRODUCTS_DIR}/GoogleToolboxForMac/GoogleToolboxForMac.framework",
				"${BUILT_PRODUCTS_DIR}/leveldb-library/leveldb.framework",
				"${BUILT_PRODUCTS_DIR}/nanopb/nanopb.framework",
			);
			name = "[CP] Embed Pods Frameworks";
			outputPaths = (
				"${TARGET_BUILD_DIR}/${FRAMEWORKS_FOLDER_PATH}/GTMSessionFetcher.framework",
				"${TARGET_BUILD_DIR}/${FRAMEWORKS_FOLDER_PATH}/GoogleToolboxForMac.framework",
				"${TARGET_BUILD_DIR}/${FRAMEWORKS_FOLDER_PATH}/leveldb.framework",
				"${TARGET_BUILD_DIR}/${FRAMEWORKS_FOLDER_PATH}/nanopb.framework",
			);
			runOnlyForDeploymentPostprocessing = 0;
			shellPath = /bin/sh;
			shellScript = "\"${SRCROOT}/Pods/Target Support Files/Pods-WoodyWoo/Pods-WoodyWoo-frameworks.sh\"\n";
			showEnvVarsInLog = 0;
		};
		F99717AEDE7E77361B5C2A51 /* [CP] Copy Pods Resources */ = {
			isa = PBXShellScriptBuildPhase;
			buildActionMask = 2147483647;
			files = (
			);
			inputPaths = (
			);
			name = "[CP] Copy Pods Resources";
			outputPaths = (
			);
			runOnlyForDeploymentPostprocessing = 0;
			shellPath = /bin/sh;
			shellScript = "\"${SRCROOT}/Pods/Target Support Files/Pods-WoodyWoo/Pods-WoodyWoo-resources.sh\"\n";
			showEnvVarsInLog = 0;
		};
/* End PBXShellScriptBuildPhase section */

/* Begin PBXSourcesBuildPhase section */
		10D02938209849A100565950 /* Sources */ = {
			isa = PBXSourcesBuildPhase;
			buildActionMask = 2147483647;
			files = (
				10D0295E20985B0500565950 /* SignUpViewController.swift in Sources */,
				10D0296420988CE800565950 /* Extensions.swift in Sources */,
				10D0295C20985ACE00565950 /* SignInViewController.swift in Sources */,
				10D02940209849A100565950 /* AppDelegate.swift in Sources */,
				10D0296220988A2700565950 /* ChatViewController.swift in Sources */,
				10D0296020988A1700565950 /* HomeViewController.swift in Sources */,
			);
			runOnlyForDeploymentPostprocessing = 0;
		};
/* End PBXSourcesBuildPhase section */

/* Begin PBXVariantGroup section */
		10D02943209849A100565950 /* Main.storyboard */ = {
			isa = PBXVariantGroup;
			children = (
				10D02944209849A100565950 /* Base */,
			);
			name = Main.storyboard;
			sourceTree = "<group>";
		};
		10D02948209849A200565950 /* LaunchScreen.storyboard */ = {
			isa = PBXVariantGroup;
			children = (
				10D02949209849A200565950 /* Base */,
			);
			name = LaunchScreen.storyboard;
			sourceTree = "<group>";
		};
/* End PBXVariantGroup section */

/* Begin XCBuildConfiguration section */
		10D0294C209849A200565950 /* Debug */ = {
			isa = XCBuildConfiguration;
			buildSettings = {
				ALWAYS_SEARCH_USER_PATHS = NO;
				CLANG_ANALYZER_NONNULL = YES;
				CLANG_ANALYZER_NUMBER_OBJECT_CONVERSION = YES_AGGRESSIVE;
				CLANG_CXX_LANGUAGE_STANDARD = "gnu++14";
				CLANG_CXX_LIBRARY = "libc++";
				CLANG_ENABLE_MODULES = YES;
				CLANG_ENABLE_OBJC_ARC = YES;
				CLANG_ENABLE_OBJC_WEAK = YES;
				CLANG_WARN_BLOCK_CAPTURE_AUTORELEASING = YES;
				CLANG_WARN_BOOL_CONVERSION = YES;
				CLANG_WARN_COMMA = YES;
				CLANG_WARN_CONSTANT_CONVERSION = YES;
				CLANG_WARN_DEPRECATED_OBJC_IMPLEMENTATIONS = YES;
				CLANG_WARN_DIRECT_OBJC_ISA_USAGE = YES_ERROR;
				CLANG_WARN_DOCUMENTATION_COMMENTS = YES;
				CLANG_WARN_EMPTY_BODY = YES;
				CLANG_WARN_ENUM_CONVERSION = YES;
				CLANG_WARN_INFINITE_RECURSION = YES;
				CLANG_WARN_INT_CONVERSION = YES;
				CLANG_WARN_NON_LITERAL_NULL_CONVERSION = YES;
				CLANG_WARN_OBJC_IMPLICIT_RETAIN_SELF = YES;
				CLANG_WARN_OBJC_LITERAL_CONVERSION = YES;
				CLANG_WARN_OBJC_ROOT_CLASS = YES_ERROR;
				CLANG_WARN_RANGE_LOOP_ANALYSIS = YES;
				CLANG_WARN_STRICT_PROTOTYPES = YES;
				CLANG_WARN_SUSPICIOUS_MOVE = YES;
				CLANG_WARN_UNGUARDED_AVAILABILITY = YES_AGGRESSIVE;
				CLANG_WARN_UNREACHABLE_CODE = YES;
				CLANG_WARN__DUPLICATE_METHOD_MATCH = YES;
				CODE_SIGN_IDENTITY = "iPhone Developer";
				COPY_PHASE_STRIP = NO;
				DEBUG_INFORMATION_FORMAT = dwarf;
				ENABLE_STRICT_OBJC_MSGSEND = YES;
				ENABLE_TESTABILITY = YES;
				GCC_C_LANGUAGE_STANDARD = gnu11;
				GCC_DYNAMIC_NO_PIC = NO;
				GCC_NO_COMMON_BLOCKS = YES;
				GCC_OPTIMIZATION_LEVEL = 0;
				GCC_PREPROCESSOR_DEFINITIONS = (
					"DEBUG=1",
					"$(inherited)",
				);
				GCC_WARN_64_TO_32_BIT_CONVERSION = YES;
				GCC_WARN_ABOUT_RETURN_TYPE = YES_ERROR;
				GCC_WARN_UNDECLARED_SELECTOR = YES;
				GCC_WARN_UNINITIALIZED_AUTOS = YES_AGGRESSIVE;
				GCC_WARN_UNUSED_FUNCTION = YES;
				GCC_WARN_UNUSED_VARIABLE = YES;
				IPHONEOS_DEPLOYMENT_TARGET = 11.3;
				MTL_ENABLE_DEBUG_INFO = YES;
				ONLY_ACTIVE_ARCH = YES;
				SDKROOT = iphoneos;
				SWIFT_ACTIVE_COMPILATION_CONDITIONS = DEBUG;
				SWIFT_OPTIMIZATION_LEVEL = "-Onone";
			};
			name = Debug;
		};
		10D0294D209849A200565950 /* Release */ = {
			isa = XCBuildConfiguration;
			buildSettings = {
				ALWAYS_SEARCH_USER_PATHS = NO;
				CLANG_ANALYZER_NONNULL = YES;
				CLANG_ANALYZER_NUMBER_OBJECT_CONVERSION = YES_AGGRESSIVE;
				CLANG_CXX_LANGUAGE_STANDARD = "gnu++14";
				CLANG_CXX_LIBRARY = "libc++";
				CLANG_ENABLE_MODULES = YES;
				CLANG_ENABLE_OBJC_ARC = YES;
				CLANG_ENABLE_OBJC_WEAK = YES;
				CLANG_WARN_BLOCK_CAPTURE_AUTORELEASING = YES;
				CLANG_WARN_BOOL_CONVERSION = YES;
				CLANG_WARN_COMMA = YES;
				CLANG_WARN_CONSTANT_CONVERSION = YES;
				CLANG_WARN_DEPRECATED_OBJC_IMPLEMENTATIONS = YES;
				CLANG_WARN_DIRECT_OBJC_ISA_USAGE = YES_ERROR;
				CLANG_WARN_DOCUMENTATION_COMMENTS = YES;
				CLANG_WARN_EMPTY_BODY = YES;
				CLANG_WARN_ENUM_CONVERSION = YES;
				CLANG_WARN_INFINITE_RECURSION = YES;
				CLANG_WARN_INT_CONVERSION = YES;
				CLANG_WARN_NON_LITERAL_NULL_CONVERSION = YES;
				CLANG_WARN_OBJC_IMPLICIT_RETAIN_SELF = YES;
				CLANG_WARN_OBJC_LITERAL_CONVERSION = YES;
				CLANG_WARN_OBJC_ROOT_CLASS = YES_ERROR;
				CLANG_WARN_RANGE_LOOP_ANALYSIS = YES;
				CLANG_WARN_STRICT_PROTOTYPES = YES;
				CLANG_WARN_SUSPICIOUS_MOVE = YES;
				CLANG_WARN_UNGUARDED_AVAILABILITY = YES_AGGRESSIVE;
				CLANG_WARN_UNREACHABLE_CODE = YES;
				CLANG_WARN__DUPLICATE_METHOD_MATCH = YES;
				CODE_SIGN_IDENTITY = "iPhone Developer";
				COPY_PHASE_STRIP = NO;
				DEBUG_INFORMATION_FORMAT = "dwarf-with-dsym";
				ENABLE_NS_ASSERTIONS = NO;
				ENABLE_STRICT_OBJC_MSGSEND = YES;
				GCC_C_LANGUAGE_STANDARD = gnu11;
				GCC_NO_COMMON_BLOCKS = YES;
				GCC_WARN_64_TO_32_BIT_CONVERSION = YES;
				GCC_WARN_ABOUT_RETURN_TYPE = YES_ERROR;
				GCC_WARN_UNDECLARED_SELECTOR = YES;
				GCC_WARN_UNINITIALIZED_AUTOS = YES_AGGRESSIVE;
				GCC_WARN_UNUSED_FUNCTION = YES;
				GCC_WARN_UNUSED_VARIABLE = YES;
				IPHONEOS_DEPLOYMENT_TARGET = 11.3;
				MTL_ENABLE_DEBUG_INFO = NO;
				SDKROOT = iphoneos;
				SWIFT_COMPILATION_MODE = wholemodule;
				SWIFT_OPTIMIZATION_LEVEL = "-O";
				VALIDATE_PRODUCT = YES;
			};
			name = Release;
		};
		10D0294F209849A200565950 /* Debug */ = {
			isa = XCBuildConfiguration;
			baseConfigurationReference = 170A87D69CE25510AD791FA6 /* Pods-WoodyWoo.debug.xcconfig */;
			buildSettings = {
				ASSETCATALOG_COMPILER_APPICON_NAME = AppIcon;
				CODE_SIGN_STYLE = Automatic;
				DEVELOPMENT_TEAM = J2QX34H82B;
				INFOPLIST_FILE = WoodyWoo/Info.plist;
				LD_RUNPATH_SEARCH_PATHS = (
					"$(inherited)",
					"@executable_path/Frameworks",
				);
				PRODUCT_BUNDLE_IDENTIFIER = "com.t-sterone.WoodyWoo";
				PRODUCT_NAME = "$(TARGET_NAME)";
				SWIFT_VERSION = 4.0;
				TARGETED_DEVICE_FAMILY = "1,2";
			};
			name = Debug;
		};
		10D02950209849A200565950 /* Release */ = {
			isa = XCBuildConfiguration;
			baseConfigurationReference = 9A13908CC7F14BD0220791FB /* Pods-WoodyWoo.release.xcconfig */;
			buildSettings = {
				ASSETCATALOG_COMPILER_APPICON_NAME = AppIcon;
				CODE_SIGN_STYLE = Automatic;
				DEVELOPMENT_TEAM = J2QX34H82B;
				INFOPLIST_FILE = WoodyWoo/Info.plist;
				LD_RUNPATH_SEARCH_PATHS = (
					"$(inherited)",
					"@executable_path/Frameworks",
				);
				PRODUCT_BUNDLE_IDENTIFIER = "com.t-sterone.WoodyWoo";
				PRODUCT_NAME = "$(TARGET_NAME)";
				SWIFT_VERSION = 4.0;
				TARGETED_DEVICE_FAMILY = "1,2";
			};
			name = Release;
		};
/* End XCBuildConfiguration section */

/* Begin XCConfigurationList section */
		10D02937209849A100565950 /* Build configuration list for PBXProject "WoodyWoo" */ = {
			isa = XCConfigurationList;
			buildConfigurations = (
				10D0294C209849A200565950 /* Debug */,
				10D0294D209849A200565950 /* Release */,
			);
			defaultConfigurationIsVisible = 0;
			defaultConfigurationName = Release;
		};
		10D0294E209849A200565950 /* Build configuration list for PBXNativeTarget "WoodyWoo" */ = {
			isa = XCConfigurationList;
			buildConfigurations = (
				10D0294F209849A200565950 /* Debug */,
				10D02950209849A200565950 /* Release */,
			);
			defaultConfigurationIsVisible = 0;
			defaultConfigurationName = Release;
		};
/* End XCConfigurationList section */
	};
	rootObject = 10D02934209849A100565950 /* Project object */;
}
